
Microsoft Visual Studio Solution File, Format Version 12.00
# Visual Studio Version 16
VisualStudioVersion = 16.0.30804.86
MinimumVisualStudioVersion = 10.0.40219.1
Project("{9A19103F-16F7-4668-BE54-9A1E7A4F7556}") = "Indico.BluePrism.Connector", "Indico.BluePrism.Connector\Indico.BluePrism.Connector.csproj", "{445390DD-3F37-4C60-8ED0-4DCEE375AF3A}"
EndProject
Project("{2150E333-8FDC-42A3-9474-1A3956D46DE8}") = "Solution Items", "Solution Items", "{359D2135-3A47-4996-877B-4AD309391294}"
	ProjectSection(SolutionItems) = preProject
		.editorconfig = .editorconfig
	EndProjectSection
EndProject
Project("{9A19103F-16F7-4668-BE54-9A1E7A4F7556}") = "Indico.BluePrism.Connector.Tests", "Indico.BluePrism.Connector.Tests\Indico.BluePrism.Connector.Tests.csproj", "{D270C866-46D5-453C-9C8E-3C1485554E0A}"
EndProject
Project("{9A19103F-16F7-4668-BE54-9A1E7A4F7556}") = "IndicoV2", "..\indico-client-csharp\IndicoV2\IndicoV2.csproj", "{88A9060A-9EE5-4307-9833-6A176190FC06}"
EndProject
Project("{2150E333-8FDC-42A3-9474-1A3956D46DE8}") = "ClientLib", "ClientLib", "{A2CF4E33-BF54-4A97-98BF-E73B7347D6D0}"
EndProject
Project("{9A19103F-16F7-4668-BE54-9A1E7A4F7556}") = "IndicoV2.Abstractions", "..\indico-client-csharp\IndicoV2.Abstractions\IndicoV2.Abstractions.csproj", "{C7276420-FB20-4E23-9980-C9F0F7A473C0}"
EndProject
Project("{9A19103F-16F7-4668-BE54-9A1E7A4F7556}") = "IndicoV2.V1Adapters", "..\indico-client-csharp\IndicoV2.V1Adapters\IndicoV2.V1Adapters.csproj", "{D06880FB-D849-465C-8915-4476312A3E8B}"
EndProject
Project("{9A19103F-16F7-4668-BE54-9A1E7A4F7556}") = "Indico", "..\indico-client-csharp\Indico\Indico.csproj", "{24422A40-8D50-466D-843A-0B81C1EC9C7E}"
EndProject
Global
	GlobalSection(SolutionConfigurationPlatforms) = preSolution
		Debug|Any CPU = Debug|Any CPU
		Release|Any CPU = Release|Any CPU
	EndGlobalSection
	GlobalSection(ProjectConfigurationPlatforms) = postSolution
		{445390DD-3F37-4C60-8ED0-4DCEE375AF3A}.Debug|Any CPU.ActiveCfg = Debug|Any CPU
		{445390DD-3F37-4C60-8ED0-4DCEE375AF3A}.Debug|Any CPU.Build.0 = Debug|Any CPU
		{445390DD-3F37-4C60-8ED0-4DCEE375AF3A}.Release|Any CPU.ActiveCfg = Release|Any CPU
		{445390DD-3F37-4C60-8ED0-4DCEE375AF3A}.Release|Any CPU.Build.0 = Release|Any CPU
		{D270C866-46D5-453C-9C8E-3C1485554E0A}.Debug|Any CPU.ActiveCfg = Debug|Any CPU
		{D270C866-46D5-453C-9C8E-3C1485554E0A}.Debug|Any CPU.Build.0 = Debug|Any CPU
		{D270C866-46D5-453C-9C8E-3C1485554E0A}.Release|Any CPU.ActiveCfg = Release|Any CPU
		{D270C866-46D5-453C-9C8E-3C1485554E0A}.Release|Any CPU.Build.0 = Release|Any CPU
		{88A9060A-9EE5-4307-9833-6A176190FC06}.Debug|Any CPU.ActiveCfg = Debug|Any CPU
		{88A9060A-9EE5-4307-9833-6A176190FC06}.Debug|Any CPU.Build.0 = Debug|Any CPU
		{88A9060A-9EE5-4307-9833-6A176190FC06}.Release|Any CPU.ActiveCfg = Release|Any CPU
		{88A9060A-9EE5-4307-9833-6A176190FC06}.Release|Any CPU.Build.0 = Release|Any CPU
		{C7276420-FB20-4E23-9980-C9F0F7A473C0}.Debug|Any CPU.ActiveCfg = Debug|Any CPU
		{C7276420-FB20-4E23-9980-C9F0F7A473C0}.Debug|Any CPU.Build.0 = Debug|Any CPU
		{C7276420-FB20-4E23-9980-C9F0F7A473C0}.Release|Any CPU.ActiveCfg = Release|Any CPU
		{C7276420-FB20-4E23-9980-C9F0F7A473C0}.Release|Any CPU.Build.0 = Release|Any CPU
		{D06880FB-D849-465C-8915-4476312A3E8B}.Debug|Any CPU.ActiveCfg = Debug|Any CPU
		{D06880FB-D849-465C-8915-4476312A3E8B}.Debug|Any CPU.Build.0 = Debug|Any CPU
		{D06880FB-D849-465C-8915-4476312A3E8B}.Release|Any CPU.ActiveCfg = Release|Any CPU
		{D06880FB-D849-465C-8915-4476312A3E8B}.Release|Any CPU.Build.0 = Release|Any CPU
		{24422A40-8D50-466D-843A-0B81C1EC9C7E}.Debug|Any CPU.ActiveCfg = Debug|Any CPU
		{24422A40-8D50-466D-843A-0B81C1EC9C7E}.Debug|Any CPU.Build.0 = Debug|Any CPU
		{24422A40-8D50-466D-843A-0B81C1EC9C7E}.Release|Any CPU.ActiveCfg = Release|Any CPU
		{24422A40-8D50-466D-843A-0B81C1EC9C7E}.Release|Any CPU.Build.0 = Release|Any CPU
	EndGlobalSection
	GlobalSection(SolutionProperties) = preSolution
		HideSolutionNode = FALSE
	EndGlobalSection
	GlobalSection(NestedProjects) = preSolution
		{88A9060A-9EE5-4307-9833-6A176190FC06} = {A2CF4E33-BF54-4A97-98BF-E73B7347D6D0}
		{C7276420-FB20-4E23-9980-C9F0F7A473C0} = {A2CF4E33-BF54-4A97-98BF-E73B7347D6D0}
		{D06880FB-D849-465C-8915-4476312A3E8B} = {A2CF4E33-BF54-4A97-98BF-E73B7347D6D0}
		{24422A40-8D50-466D-843A-0B81C1EC9C7E} = {A2CF4E33-BF54-4A97-98BF-E73B7347D6D0}
	EndGlobalSection
	GlobalSection(ExtensibilityGlobals) = postSolution
		SolutionGuid = {86904256-8E88-413A-B9C3-7A09B3A46143}
	EndGlobalSection
EndGlobal
