
Microsoft Visual Studio Solution File, Format Version 12.00
# Visual Studio Version 16
VisualStudioVersion = 16.0.30804.86
MinimumVisualStudioVersion = 10.0.40219.1
Project("{9A19103F-16F7-4668-BE54-9A1E7A4F7556}") = "Indico.BluePrism.Connector", "Indico.BluePrism.Connector\Indico.BluePrism.Connector.csproj", "{445390DD-3F37-4C60-8ED0-4DCEE375AF3A}"
EndProject
Project("{2150E333-8FDC-42A3-9474-1A3956D46DE8}") = "Solution Items", "Solution Items", "{359D2135-3A47-4996-877B-4AD309391294}"
	ProjectSection(SolutionItems) = preProject
		.editorconfig = .editorconfig
	EndProjectSection
EndProject
Project("{FAE04EC0-301F-11D3-BF4B-00C04F79EFBC}") = "Indico.BluePrism.Connector.Tests", "Indico.BluePrism.Connector.Tests\Indico.BluePrism.Connector.Tests.csproj", "{D270C866-46D5-453C-9C8E-3C1485554E0A}"
EndProject
Global
	GlobalSection(SolutionConfigurationPlatforms) = preSolution
		Debug|Any CPU = Debug|Any CPU
		Release|Any CPU = Release|Any CPU
	EndGlobalSection
	GlobalSection(ProjectConfigurationPlatforms) = postSolution
		{445390DD-3F37-4C60-8ED0-4DCEE375AF3A}.Debug|Any CPU.ActiveCfg = Debug|Any CPU
		{445390DD-3F37-4C60-8ED0-4DCEE375AF3A}.Debug|Any CPU.Build.0 = Debug|Any CPU
		{445390DD-3F37-4C60-8ED0-4DCEE375AF3A}.Release|Any CPU.ActiveCfg = Release|Any CPU
		{445390DD-3F37-4C60-8ED0-4DCEE375AF3A}.Release|Any CPU.Build.0 = Release|Any CPU
		{D270C866-46D5-453C-9C8E-3C1485554E0A}.Debug|Any CPU.ActiveCfg = Debug|Any CPU
		{D270C866-46D5-453C-9C8E-3C1485554E0A}.Debug|Any CPU.Build.0 = Debug|Any CPU
		{D270C866-46D5-453C-9C8E-3C1485554E0A}.Release|Any CPU.ActiveCfg = Release|Any CPU
		{D270C866-46D5-453C-9C8E-3C1485554E0A}.Release|Any CPU.Build.0 = Release|Any CPU
	EndGlobalSection
	GlobalSection(SolutionProperties) = preSolution
		HideSolutionNode = FALSE
	EndGlobalSection
	GlobalSection(ExtensibilityGlobals) = postSolution
		SolutionGuid = {86904256-8E88-413A-B9C3-7A09B3A46143}
	EndGlobalSection
EndGlobal
